
Microsoft Visual Studio Solution File, Format Version 12.00
# Visual Studio Version 16
VisualStudioVersion = 16.0.28407.52
MinimumVisualStudioVersion = 10.0.40219.1
Project("{FAE04EC0-301F-11D3-BF4B-00C04F79EFBC}") = "ChurchToolsApi", "ChurchToolsApi\ChurchToolsApi.csproj", "{BDF380E2-C8EB-4B70-AE0B-47031831AA6A}"
EndProject
Project("{FAE04EC0-301F-11D3-BF4B-00C04F79EFBC}") = "TestApp", "TestApp\TestApp.csproj", "{BF674CAE-F768-40F1-9584-4A3979156C1A}"
EndProject
Global
	GlobalSection(SolutionConfigurationPlatforms) = preSolution
		Debug|Any CPU = Debug|Any CPU
		Release|Any CPU = Release|Any CPU
	EndGlobalSection
	GlobalSection(ProjectConfigurationPlatforms) = postSolution
		{BDF380E2-C8EB-4B70-AE0B-47031831AA6A}.Debug|Any CPU.ActiveCfg = Debug|Any CPU
		{BDF380E2-C8EB-4B70-AE0B-47031831AA6A}.Debug|Any CPU.Build.0 = Debug|Any CPU
		{BDF380E2-C8EB-4B70-AE0B-47031831AA6A}.Release|Any CPU.ActiveCfg = Release|Any CPU
		{BDF380E2-C8EB-4B70-AE0B-47031831AA6A}.Release|Any CPU.Build.0 = Release|Any CPU
		{BF674CAE-F768-40F1-9584-4A3979156C1A}.Debug|Any CPU.ActiveCfg = Debug|Any CPU
		{BF674CAE-F768-40F1-9584-4A3979156C1A}.Debug|Any CPU.Build.0 = Debug|Any CPU
		{BF674CAE-F768-40F1-9584-4A3979156C1A}.Release|Any CPU.ActiveCfg = Release|Any CPU
		{BF674CAE-F768-40F1-9584-4A3979156C1A}.Release|Any CPU.Build.0 = Release|Any CPU
	EndGlobalSection
	GlobalSection(SolutionProperties) = preSolution
		HideSolutionNode = FALSE
	EndGlobalSection
	GlobalSection(ExtensibilityGlobals) = postSolution
		SolutionGuid = {CB161034-E95C-408F-B7EC-7EC6B5EBBCFF}
	EndGlobalSection
EndGlobal
